// !$*UTF8*$!
{
	archiveVersion = 1;
	classes = {
	};
	objectVersion = 46;
	objects = {

/* Begin PBXBuildFile section */
		79C887AC1F046E0500C72B75 /* AppDelegate.swift in Sources */ = {isa = PBXBuildFile; fileRef = 79C887AB1F046E0500C72B75 /* AppDelegate.swift */; };
		79C887AE1F046E0500C72B75 /* ViewController.swift in Sources */ = {isa = PBXBuildFile; fileRef = 79C887AD1F046E0500C72B75 /* ViewController.swift */; };
		79C887B11F046E0500C72B75 /* Main.storyboard in Resources */ = {isa = PBXBuildFile; fileRef = 79C887AF1F046E0500C72B75 /* Main.storyboard */; };
		79C887B31F046E0500C72B75 /* Assets.xcassets in Resources */ = {isa = PBXBuildFile; fileRef = 79C887B21F046E0500C72B75 /* Assets.xcassets */; };
		79C887B61F046E0500C72B75 /* LaunchScreen.storyboard in Resources */ = {isa = PBXBuildFile; fileRef = 79C887B41F046E0500C72B75 /* LaunchScreen.storyboard */; };
		79C887C11F046E0500C72B75 /* Lucy_TestTests.swift in Sources */ = {isa = PBXBuildFile; fileRef = 79C887C01F046E0500C72B75 /* Lucy_TestTests.swift */; };
		79C887CC1F046E0500C72B75 /* Lucy_TestUITests.swift in Sources */ = {isa = PBXBuildFile; fileRef = 79C887CB1F046E0500C72B75 /* Lucy_TestUITests.swift */; };
		79CAB8F61F049A4C000C1D94 /* LucyTableViewCell.swift in Sources */ = {isa = PBXBuildFile; fileRef = 79CAB8F51F049A4C000C1D94 /* LucyTableViewCell.swift */; };
		79E560561F0692EF00EE9C18 /* DetailViewController.swift in Sources */ = {isa = PBXBuildFile; fileRef = 79E560551F0692EF00EE9C18 /* DetailViewController.swift */; };
		79E560581F06A72500EE9C18 /* CleanViewController.swift in Sources */ = {isa = PBXBuildFile; fileRef = 79E560571F06A72500EE9C18 /* CleanViewController.swift */; };
		79E5605A1F06A73300EE9C18 /* YoutubeViewController.swift in Sources */ = {isa = PBXBuildFile; fileRef = 79E560591F06A73300EE9C18 /* YoutubeViewController.swift */; };
		E18DF81A20389DFF43B5159E /* Pods_Lucy_Test.framework in Frameworks */ = {isa = PBXBuildFile; fileRef = 30BB20CA149CC023C378AC37 /* Pods_Lucy_Test.framework */; };
		E27071EE9D84CC084B230CB7 /* Pods_Lucy_TestTests.framework in Frameworks */ = {isa = PBXBuildFile; fileRef = D7FE1F5F2088667C7D63981C /* Pods_Lucy_TestTests.framework */; };
		F0D89967A4AEC6D4F65A3243 /* Pods_Lucy_TestUITests.framework in Frameworks */ = {isa = PBXBuildFile; fileRef = 31C38004A3422DC276EA8346 /* Pods_Lucy_TestUITests.framework */; };
/* End PBXBuildFile section */

/* Begin PBXContainerItemProxy section */
		79C887BD1F046E0500C72B75 /* PBXContainerItemProxy */ = {
			isa = PBXContainerItemProxy;
			containerPortal = 79C887A01F046E0500C72B75 /* Project object */;
			proxyType = 1;
			remoteGlobalIDString = 79C887A71F046E0500C72B75;
			remoteInfo = "Lucy Test";
		};
		79C887C81F046E0500C72B75 /* PBXContainerItemProxy */ = {
			isa = PBXContainerItemProxy;
			containerPortal = 79C887A01F046E0500C72B75 /* Project object */;
			proxyType = 1;
			remoteGlobalIDString = 79C887A71F046E0500C72B75;
			remoteInfo = "Lucy Test";
		};
/* End PBXContainerItemProxy section */

/* Begin PBXFileReference section */
		30BB20CA149CC023C378AC37 /* Pods_Lucy_Test.framework */ = {isa = PBXFileReference; explicitFileType = wrapper.framework; includeInIndex = 0; path = Pods_Lucy_Test.framework; sourceTree = BUILT_PRODUCTS_DIR; };
		31C38004A3422DC276EA8346 /* Pods_Lucy_TestUITests.framework */ = {isa = PBXFileReference; explicitFileType = wrapper.framework; includeInIndex = 0; path = Pods_Lucy_TestUITests.framework; sourceTree = BUILT_PRODUCTS_DIR; };
		5EA39393A1477F00F4ADBD40 /* Pods-Lucy TestTests.release.xcconfig */ = {isa = PBXFileReference; includeInIndex = 1; lastKnownFileType = text.xcconfig; name = "Pods-Lucy TestTests.release.xcconfig"; path = "Pods/Target Support Files/Pods-Lucy TestTests/Pods-Lucy TestTests.release.xcconfig"; sourceTree = "<group>"; };
		6035FC26FD33BF87632AEC52 /* Pods-Lucy TestTests.debug.xcconfig */ = {isa = PBXFileReference; includeInIndex = 1; lastKnownFileType = text.xcconfig; name = "Pods-Lucy TestTests.debug.xcconfig"; path = "Pods/Target Support Files/Pods-Lucy TestTests/Pods-Lucy TestTests.debug.xcconfig"; sourceTree = "<group>"; };
		79C887A81F046E0500C72B75 /* Lucy Test.app */ = {isa = PBXFileReference; explicitFileType = wrapper.application; includeInIndex = 0; path = "Lucy Test.app"; sourceTree = BUILT_PRODUCTS_DIR; };
		79C887AB1F046E0500C72B75 /* AppDelegate.swift */ = {isa = PBXFileReference; lastKnownFileType = sourcecode.swift; path = AppDelegate.swift; sourceTree = "<group>"; };
		79C887AD1F046E0500C72B75 /* ViewController.swift */ = {isa = PBXFileReference; lastKnownFileType = sourcecode.swift; path = ViewController.swift; sourceTree = "<group>"; };
		79C887B01F046E0500C72B75 /* Base */ = {isa = PBXFileReference; lastKnownFileType = file.storyboard; name = Base; path = Base.lproj/Main.storyboard; sourceTree = "<group>"; };
		79C887B21F046E0500C72B75 /* Assets.xcassets */ = {isa = PBXFileReference; lastKnownFileType = folder.assetcatalog; path = Assets.xcassets; sourceTree = "<group>"; };
		79C887B51F046E0500C72B75 /* Base */ = {isa = PBXFileReference; lastKnownFileType = file.storyboard; name = Base; path = Base.lproj/LaunchScreen.storyboard; sourceTree = "<group>"; };
		79C887B71F046E0500C72B75 /* Info.plist */ = {isa = PBXFileReference; lastKnownFileType = text.plist.xml; path = Info.plist; sourceTree = "<group>"; };
		79C887BC1F046E0500C72B75 /* Lucy TestTests.xctest */ = {isa = PBXFileReference; explicitFileType = wrapper.cfbundle; includeInIndex = 0; path = "Lucy TestTests.xctest"; sourceTree = BUILT_PRODUCTS_DIR; };
		79C887C01F046E0500C72B75 /* Lucy_TestTests.swift */ = {isa = PBXFileReference; lastKnownFileType = sourcecode.swift; path = Lucy_TestTests.swift; sourceTree = "<group>"; };
		79C887C21F046E0500C72B75 /* Info.plist */ = {isa = PBXFileReference; lastKnownFileType = text.plist.xml; path = Info.plist; sourceTree = "<group>"; };
		79C887C71F046E0500C72B75 /* Lucy TestUITests.xctest */ = {isa = PBXFileReference; explicitFileType = wrapper.cfbundle; includeInIndex = 0; path = "Lucy TestUITests.xctest"; sourceTree = BUILT_PRODUCTS_DIR; };
		79C887CB1F046E0500C72B75 /* Lucy_TestUITests.swift */ = {isa = PBXFileReference; lastKnownFileType = sourcecode.swift; path = Lucy_TestUITests.swift; sourceTree = "<group>"; };
		79C887CD1F046E0500C72B75 /* Info.plist */ = {isa = PBXFileReference; lastKnownFileType = text.plist.xml; path = Info.plist; sourceTree = "<group>"; };
		79CAB8F51F049A4C000C1D94 /* LucyTableViewCell.swift */ = {isa = PBXFileReference; fileEncoding = 4; lastKnownFileType = sourcecode.swift; path = LucyTableViewCell.swift; sourceTree = "<group>"; };
		79E560551F0692EF00EE9C18 /* DetailViewController.swift */ = {isa = PBXFileReference; fileEncoding = 4; lastKnownFileType = sourcecode.swift; path = DetailViewController.swift; sourceTree = "<group>"; };
		79E560571F06A72500EE9C18 /* CleanViewController.swift */ = {isa = PBXFileReference; fileEncoding = 4; lastKnownFileType = sourcecode.swift; path = CleanViewController.swift; sourceTree = "<group>"; };
		79E560591F06A73300EE9C18 /* YoutubeViewController.swift */ = {isa = PBXFileReference; fileEncoding = 4; lastKnownFileType = sourcecode.swift; path = YoutubeViewController.swift; sourceTree = "<group>"; };
		B05A1426F020CE76A99F740F /* Pods-Lucy TestUITests.release.xcconfig */ = {isa = PBXFileReference; includeInIndex = 1; lastKnownFileType = text.xcconfig; name = "Pods-Lucy TestUITests.release.xcconfig"; path = "Pods/Target Support Files/Pods-Lucy TestUITests/Pods-Lucy TestUITests.release.xcconfig"; sourceTree = "<group>"; };
		C87A4CFB35765CD8116BD262 /* Pods-Lucy TestUITests.debug.xcconfig */ = {isa = PBXFileReference; includeInIndex = 1; lastKnownFileType = text.xcconfig; name = "Pods-Lucy TestUITests.debug.xcconfig"; path = "Pods/Target Support Files/Pods-Lucy TestUITests/Pods-Lucy TestUITests.debug.xcconfig"; sourceTree = "<group>"; };
		D164DC1EFFE801B77692C037 /* Pods-Lucy Test.debug.xcconfig */ = {isa = PBXFileReference; includeInIndex = 1; lastKnownFileType = text.xcconfig; name = "Pods-Lucy Test.debug.xcconfig"; path = "Pods/Target Support Files/Pods-Lucy Test/Pods-Lucy Test.debug.xcconfig"; sourceTree = "<group>"; };
		D7FE1F5F2088667C7D63981C /* Pods_Lucy_TestTests.framework */ = {isa = PBXFileReference; explicitFileType = wrapper.framework; includeInIndex = 0; path = Pods_Lucy_TestTests.framework; sourceTree = BUILT_PRODUCTS_DIR; };
		EA61B8D06A65EC6AA5974E9C /* Pods-Lucy Test.release.xcconfig */ = {isa = PBXFileReference; includeInIndex = 1; lastKnownFileType = text.xcconfig; name = "Pods-Lucy Test.release.xcconfig"; path = "Pods/Target Support Files/Pods-Lucy Test/Pods-Lucy Test.release.xcconfig"; sourceTree = "<group>"; };
/* End PBXFileReference section */

/* Begin PBXFrameworksBuildPhase section */
		79C887A51F046E0500C72B75 /* Frameworks */ = {
			isa = PBXFrameworksBuildPhase;
			buildActionMask = 2147483647;
			files = (
				E18DF81A20389DFF43B5159E /* Pods_Lucy_Test.framework in Frameworks */,
			);
			runOnlyForDeploymentPostprocessing = 0;
		};
		79C887B91F046E0500C72B75 /* Frameworks */ = {
			isa = PBXFrameworksBuildPhase;
			buildActionMask = 2147483647;
			files = (
				E27071EE9D84CC084B230CB7 /* Pods_Lucy_TestTests.framework in Frameworks */,
			);
			runOnlyForDeploymentPostprocessing = 0;
		};
		79C887C41F046E0500C72B75 /* Frameworks */ = {
			isa = PBXFrameworksBuildPhase;
			buildActionMask = 2147483647;
			files = (
				F0D89967A4AEC6D4F65A3243 /* Pods_Lucy_TestUITests.framework in Frameworks */,
			);
			runOnlyForDeploymentPostprocessing = 0;
		};
/* End PBXFrameworksBuildPhase section */

/* Begin PBXGroup section */
		17AD4F967551F8D0BCEBB212 /* Frameworks */ = {
			isa = PBXGroup;
			children = (
				30BB20CA149CC023C378AC37 /* Pods_Lucy_Test.framework */,
				D7FE1F5F2088667C7D63981C /* Pods_Lucy_TestTests.framework */,
				31C38004A3422DC276EA8346 /* Pods_Lucy_TestUITests.framework */,
			);
			name = Frameworks;
			sourceTree = "<group>";
		};
		79C8879F1F046E0500C72B75 = {
			isa = PBXGroup;
			children = (
				79C887AA1F046E0500C72B75 /* Lucy Test */,
				79C887BF1F046E0500C72B75 /* Lucy TestTests */,
				79C887CA1F046E0500C72B75 /* Lucy TestUITests */,
				79C887A91F046E0500C72B75 /* Products */,
				CCA5CA081E6FBC9261F7CA2B /* Pods */,
				17AD4F967551F8D0BCEBB212 /* Frameworks */,
			);
			sourceTree = "<group>";
		};
		79C887A91F046E0500C72B75 /* Products */ = {
			isa = PBXGroup;
			children = (
				79C887A81F046E0500C72B75 /* Lucy Test.app */,
				79C887BC1F046E0500C72B75 /* Lucy TestTests.xctest */,
				79C887C71F046E0500C72B75 /* Lucy TestUITests.xctest */,
			);
			name = Products;
			sourceTree = "<group>";
		};
		79C887AA1F046E0500C72B75 /* Lucy Test */ = {
			isa = PBXGroup;
			children = (
				79C887AB1F046E0500C72B75 /* AppDelegate.swift */,
				79C887AD1F046E0500C72B75 /* ViewController.swift */,
				79E560571F06A72500EE9C18 /* CleanViewController.swift */,
				79E560591F06A73300EE9C18 /* YoutubeViewController.swift */,
				79E560551F0692EF00EE9C18 /* DetailViewController.swift */,
				79CAB8F51F049A4C000C1D94 /* LucyTableViewCell.swift */,
				79C887AF1F046E0500C72B75 /* Main.storyboard */,
				79C887B21F046E0500C72B75 /* Assets.xcassets */,
				79C887B41F046E0500C72B75 /* LaunchScreen.storyboard */,
				79C887B71F046E0500C72B75 /* Info.plist */,
			);
			path = "Lucy Test";
			sourceTree = "<group>";
		};
		79C887BF1F046E0500C72B75 /* Lucy TestTests */ = {
			isa = PBXGroup;
			children = (
				79C887C01F046E0500C72B75 /* Lucy_TestTests.swift */,
				79C887C21F046E0500C72B75 /* Info.plist */,
			);
			path = "Lucy TestTests";
			sourceTree = "<group>";
		};
		79C887CA1F046E0500C72B75 /* Lucy TestUITests */ = {
			isa = PBXGroup;
			children = (
				79C887CB1F046E0500C72B75 /* Lucy_TestUITests.swift */,
				79C887CD1F046E0500C72B75 /* Info.plist */,
			);
			path = "Lucy TestUITests";
			sourceTree = "<group>";
		};
		CCA5CA081E6FBC9261F7CA2B /* Pods */ = {
			isa = PBXGroup;
			children = (
				D164DC1EFFE801B77692C037 /* Pods-Lucy Test.debug.xcconfig */,
				EA61B8D06A65EC6AA5974E9C /* Pods-Lucy Test.release.xcconfig */,
				6035FC26FD33BF87632AEC52 /* Pods-Lucy TestTests.debug.xcconfig */,
				5EA39393A1477F00F4ADBD40 /* Pods-Lucy TestTests.release.xcconfig */,
				C87A4CFB35765CD8116BD262 /* Pods-Lucy TestUITests.debug.xcconfig */,
				B05A1426F020CE76A99F740F /* Pods-Lucy TestUITests.release.xcconfig */,
			);
			name = Pods;
			sourceTree = "<group>";
		};
/* End PBXGroup section */

/* Begin PBXNativeTarget section */
		79C887A71F046E0500C72B75 /* Lucy Test */ = {
			isa = PBXNativeTarget;
			buildConfigurationList = 79C887D01F046E0500C72B75 /* Build configuration list for PBXNativeTarget "Lucy Test" */;
			buildPhases = (
				4C9A120BBF7B2B3BD0FBE23E /* [CP] Check Pods Manifest.lock */,
				79C887A41F046E0500C72B75 /* Sources */,
				79C887A51F046E0500C72B75 /* Frameworks */,
				79C887A61F046E0500C72B75 /* Resources */,
				DC54259CC1EE41030F2D4750 /* [CP] Embed Pods Frameworks */,
				7AC6E78D7C967EC5CAF14041 /* [CP] Copy Pods Resources */,
			);
			buildRules = (
			);
			dependencies = (
			);
			name = "Lucy Test";
			productName = "Lucy Test";
			productReference = 79C887A81F046E0500C72B75 /* Lucy Test.app */;
			productType = "com.apple.product-type.application";
		};
		79C887BB1F046E0500C72B75 /* Lucy TestTests */ = {
			isa = PBXNativeTarget;
			buildConfigurationList = 79C887D31F046E0500C72B75 /* Build configuration list for PBXNativeTarget "Lucy TestTests" */;
			buildPhases = (
				F9FCB489131B7FCCA1A9A77F /* [CP] Check Pods Manifest.lock */,
				79C887B81F046E0500C72B75 /* Sources */,
				79C887B91F046E0500C72B75 /* Frameworks */,
				79C887BA1F046E0500C72B75 /* Resources */,
				D9F2CF5898410BC97ACFB413 /* [CP] Embed Pods Frameworks */,
				51F38531EA0D52D16D0F1C7B /* [CP] Copy Pods Resources */,
			);
			buildRules = (
			);
			dependencies = (
				79C887BE1F046E0500C72B75 /* PBXTargetDependency */,
			);
			name = "Lucy TestTests";
			productName = "Lucy TestTests";
			productReference = 79C887BC1F046E0500C72B75 /* Lucy TestTests.xctest */;
			productType = "com.apple.product-type.bundle.unit-test";
		};
		79C887C61F046E0500C72B75 /* Lucy TestUITests */ = {
			isa = PBXNativeTarget;
			buildConfigurationList = 79C887D61F046E0500C72B75 /* Build configuration list for PBXNativeTarget "Lucy TestUITests" */;
			buildPhases = (
				FF41ED82558700C347C566F4 /* [CP] Check Pods Manifest.lock */,
				79C887C31F046E0500C72B75 /* Sources */,
				79C887C41F046E0500C72B75 /* Frameworks */,
				79C887C51F046E0500C72B75 /* Resources */,
				141D9D5765A87F3ECCB56A2D /* [CP] Embed Pods Frameworks */,
				997DE59B9D1087534608FEC8 /* [CP] Copy Pods Resources */,
			);
			buildRules = (
			);
			dependencies = (
				79C887C91F046E0500C72B75 /* PBXTargetDependency */,
			);
			name = "Lucy TestUITests";
			productName = "Lucy TestUITests";
			productReference = 79C887C71F046E0500C72B75 /* Lucy TestUITests.xctest */;
			productType = "com.apple.product-type.bundle.ui-testing";
		};
/* End PBXNativeTarget section */

/* Begin PBXProject section */
		79C887A01F046E0500C72B75 /* Project object */ = {
			isa = PBXProject;
			attributes = {
				LastSwiftUpdateCheck = 0830;
				LastUpgradeCheck = 0830;
				ORGANIZATIONNAME = "Joshua Cleetus";
				TargetAttributes = {
					79C887A71F046E0500C72B75 = {
						CreatedOnToolsVersion = 8.3.3;
						DevelopmentTeam = USQQZ62WW7;
						ProvisioningStyle = Automatic;
					};
					79C887BB1F046E0500C72B75 = {
						CreatedOnToolsVersion = 8.3.3;
						DevelopmentTeam = USQQZ62WW7;
						ProvisioningStyle = Automatic;
						TestTargetID = 79C887A71F046E0500C72B75;
					};
					79C887C61F046E0500C72B75 = {
						CreatedOnToolsVersion = 8.3.3;
						DevelopmentTeam = USQQZ62WW7;
						ProvisioningStyle = Automatic;
						TestTargetID = 79C887A71F046E0500C72B75;
					};
				};
			};
			buildConfigurationList = 79C887A31F046E0500C72B75 /* Build configuration list for PBXProject "Lucy Test" */;
			compatibilityVersion = "Xcode 3.2";
			developmentRegion = English;
			hasScannedForEncodings = 0;
			knownRegions = (
				en,
				Base,
			);
			mainGroup = 79C8879F1F046E0500C72B75;
			productRefGroup = 79C887A91F046E0500C72B75 /* Products */;
			projectDirPath = "";
			projectRoot = "";
			targets = (
				79C887A71F046E0500C72B75 /* Lucy Test */,
				79C887BB1F046E0500C72B75 /* Lucy TestTests */,
				79C887C61F046E0500C72B75 /* Lucy TestUITests */,
			);
		};
/* End PBXProject section */

/* Begin PBXResourcesBuildPhase section */
		79C887A61F046E0500C72B75 /* Resources */ = {
			isa = PBXResourcesBuildPhase;
			buildActionMask = 2147483647;
			files = (
				79C887B61F046E0500C72B75 /* LaunchScreen.storyboard in Resources */,
				79C887B31F046E0500C72B75 /* Assets.xcassets in Resources */,
				79C887B11F046E0500C72B75 /* Main.storyboard in Resources */,
			);
			runOnlyForDeploymentPostprocessing = 0;
		};
		79C887BA1F046E0500C72B75 /* Resources */ = {
			isa = PBXResourcesBuildPhase;
			buildActionMask = 2147483647;
			files = (
			);
			runOnlyForDeploymentPostprocessing = 0;
		};
		79C887C51F046E0500C72B75 /* Resources */ = {
			isa = PBXResourcesBuildPhase;
			buildActionMask = 2147483647;
			files = (
			);
			runOnlyForDeploymentPostprocessing = 0;
		};
/* End PBXResourcesBuildPhase section */

/* Begin PBXShellScriptBuildPhase section */
		141D9D5765A87F3ECCB56A2D /* [CP] Embed Pods Frameworks */ = {
			isa = PBXShellScriptBuildPhase;
			buildActionMask = 2147483647;
			files = (
			);
			inputPaths = (
			);
			name = "[CP] Embed Pods Frameworks";
			outputPaths = (
			);
			runOnlyForDeploymentPostprocessing = 0;
			shellPath = /bin/sh;
			shellScript = "\"${SRCROOT}/Pods/Target Support Files/Pods-Lucy TestUITests/Pods-Lucy TestUITests-frameworks.sh\"\n";
			showEnvVarsInLog = 0;
		};
		4C9A120BBF7B2B3BD0FBE23E /* [CP] Check Pods Manifest.lock */ = {
			isa = PBXShellScriptBuildPhase;
			buildActionMask = 2147483647;
			files = (
			);
			inputPaths = (
			);
			name = "[CP] Check Pods Manifest.lock";
			outputPaths = (
			);
			runOnlyForDeploymentPostprocessing = 0;
			shellPath = /bin/sh;
			shellScript = "diff \"${PODS_PODFILE_DIR_PATH}/Podfile.lock\" \"${PODS_ROOT}/Manifest.lock\" > /dev/null\nif [ $? != 0 ] ; then\n    # print error to STDERR\n    echo \"error: The sandbox is not in sync with the Podfile.lock. Run 'pod install' or update your CocoaPods installation.\" >&2\n    exit 1\nfi\n";
			showEnvVarsInLog = 0;
		};
		51F38531EA0D52D16D0F1C7B /* [CP] Copy Pods Resources */ = {
			isa = PBXShellScriptBuildPhase;
			buildActionMask = 2147483647;
			files = (
			);
			inputPaths = (
			);
			name = "[CP] Copy Pods Resources";
			outputPaths = (
			);
			runOnlyForDeploymentPostprocessing = 0;
			shellPath = /bin/sh;
			shellScript = "\"${SRCROOT}/Pods/Target Support Files/Pods-Lucy TestTests/Pods-Lucy TestTests-resources.sh\"\n";
			showEnvVarsInLog = 0;
		};
		7AC6E78D7C967EC5CAF14041 /* [CP] Copy Pods Resources */ = {
			isa = PBXShellScriptBuildPhase;
			buildActionMask = 2147483647;
			files = (
			);
			inputPaths = (
			);
			name = "[CP] Copy Pods Resources";
			outputPaths = (
			);
			runOnlyForDeploymentPostprocessing = 0;
			shellPath = /bin/sh;
			shellScript = "\"${SRCROOT}/Pods/Target Support Files/Pods-Lucy Test/Pods-Lucy Test-resources.sh\"\n";
			showEnvVarsInLog = 0;
		};
		997DE59B9D1087534608FEC8 /* [CP] Copy Pods Resources */ = {
			isa = PBXShellScriptBuildPhase;
			buildActionMask = 2147483647;
			files = (
			);
			inputPaths = (
			);
			name = "[CP] Copy Pods Resources";
			outputPaths = (
			);
			runOnlyForDeploymentPostprocessing = 0;
			shellPath = /bin/sh;
			shellScript = "\"${SRCROOT}/Pods/Target Support Files/Pods-Lucy TestUITests/Pods-Lucy TestUITests-resources.sh\"\n";
			showEnvVarsInLog = 0;
		};
		D9F2CF5898410BC97ACFB413 /* [CP] Embed Pods Frameworks */ = {
			isa = PBXShellScriptBuildPhase;
			buildActionMask = 2147483647;
			files = (
			);
			inputPaths = (
			);
			name = "[CP] Embed Pods Frameworks";
			outputPaths = (
			);
			runOnlyForDeploymentPostprocessing = 0;
			shellPath = /bin/sh;
			shellScript = "\"${SRCROOT}/Pods/Target Support Files/Pods-Lucy TestTests/Pods-Lucy TestTests-frameworks.sh\"\n";
			showEnvVarsInLog = 0;
		};
		DC54259CC1EE41030F2D4750 /* [CP] Embed Pods Frameworks */ = {
			isa = PBXShellScriptBuildPhase;
			buildActionMask = 2147483647;
			files = (
			);
			inputPaths = (
			);
			name = "[CP] Embed Pods Frameworks";
			outputPaths = (
			);
			runOnlyForDeploymentPostprocessing = 0;
			shellPath = /bin/sh;
			shellScript = "\"${SRCROOT}/Pods/Target Support Files/Pods-Lucy Test/Pods-Lucy Test-frameworks.sh\"\n";
			showEnvVarsInLog = 0;
		};
		F9FCB489131B7FCCA1A9A77F /* [CP] Check Pods Manifest.lock */ = {
			isa = PBXShellScriptBuildPhase;
			buildActionMask = 2147483647;
			files = (
			);
			inputPaths = (
			);
			name = "[CP] Check Pods Manifest.lock";
			outputPaths = (
			);
			runOnlyForDeploymentPostprocessing = 0;
			shellPath = /bin/sh;
			shellScript = "diff \"${PODS_PODFILE_DIR_PATH}/Podfile.lock\" \"${PODS_ROOT}/Manifest.lock\" > /dev/null\nif [ $? != 0 ] ; then\n    # print error to STDERR\n    echo \"error: The sandbox is not in sync with the Podfile.lock. Run 'pod install' or update your CocoaPods installation.\" >&2\n    exit 1\nfi\n";
			showEnvVarsInLog = 0;
		};
		FF41ED82558700C347C566F4 /* [CP] Check Pods Manifest.lock */ = {
			isa = PBXShellScriptBuildPhase;
			buildActionMask = 2147483647;
			files = (
			);
			inputPaths = (
			);
			name = "[CP] Check Pods Manifest.lock";
			outputPaths = (
			);
			runOnlyForDeploymentPostprocessing = 0;
			shellPath = /bin/sh;
			shellScript = "diff \"${PODS_PODFILE_DIR_PATH}/Podfile.lock\" \"${PODS_ROOT}/Manifest.lock\" > /dev/null\nif [ $? != 0 ] ; then\n    # print error to STDERR\n    echo \"error: The sandbox is not in sync with the Podfile.lock. Run 'pod install' or update your CocoaPods installation.\" >&2\n    exit 1\nfi\n";
			showEnvVarsInLog = 0;
		};
/* End PBXShellScriptBuildPhase section */

/* Begin PBXSourcesBuildPhase section */
		79C887A41F046E0500C72B75 /* Sources */ = {
			isa = PBXSourcesBuildPhase;
			buildActionMask = 2147483647;
			files = (
				79C887AE1F046E0500C72B75 /* ViewController.swift in Sources */,
				79CAB8F61F049A4C000C1D94 /* LucyTableViewCell.swift in Sources */,
				79E5605A1F06A73300EE9C18 /* YoutubeViewController.swift in Sources */,
				79C887AC1F046E0500C72B75 /* AppDelegate.swift in Sources */,
				79E560581F06A72500EE9C18 /* CleanViewController.swift in Sources */,
				79E560561F0692EF00EE9C18 /* DetailViewController.swift in Sources */,
			);
			runOnlyForDeploymentPostprocessing = 0;
		};
		79C887B81F046E0500C72B75 /* Sources */ = {
			isa = PBXSourcesBuildPhase;
			buildActionMask = 2147483647;
			files = (
				79C887C11F046E0500C72B75 /* Lucy_TestTests.swift in Sources */,
			);
			runOnlyForDeploymentPostprocessing = 0;
		};
		79C887C31F046E0500C72B75 /* Sources */ = {
			isa = PBXSourcesBuildPhase;
			buildActionMask = 2147483647;
			files = (
				79C887CC1F046E0500C72B75 /* Lucy_TestUITests.swift in Sources */,
			);
			runOnlyForDeploymentPostprocessing = 0;
		};
/* End PBXSourcesBuildPhase section */

/* Begin PBXTargetDependency section */
		79C887BE1F046E0500C72B75 /* PBXTargetDependency */ = {
			isa = PBXTargetDependency;
			target = 79C887A71F046E0500C72B75 /* Lucy Test */;
			targetProxy = 79C887BD1F046E0500C72B75 /* PBXContainerItemProxy */;
		};
		79C887C91F046E0500C72B75 /* PBXTargetDependency */ = {
			isa = PBXTargetDependency;
			target = 79C887A71F046E0500C72B75 /* Lucy Test */;
			targetProxy = 79C887C81F046E0500C72B75 /* PBXContainerItemProxy */;
		};
/* End PBXTargetDependency section */

/* Begin PBXVariantGroup section */
		79C887AF1F046E0500C72B75 /* Main.storyboard */ = {
			isa = PBXVariantGroup;
			children = (
				79C887B01F046E0500C72B75 /* Base */,
			);
			name = Main.storyboard;
			sourceTree = "<group>";
		};
		79C887B41F046E0500C72B75 /* LaunchScreen.storyboard */ = {
			isa = PBXVariantGroup;
			children = (
				79C887B51F046E0500C72B75 /* Base */,
			);
			name = LaunchScreen.storyboard;
			sourceTree = "<group>";
		};
/* End PBXVariantGroup section */

/* Begin XCBuildConfiguration section */
		79C887CE1F046E0500C72B75 /* Debug */ = {
			isa = XCBuildConfiguration;
			buildSettings = {
				ALWAYS_SEARCH_USER_PATHS = NO;
				CLANG_ANALYZER_NONNULL = YES;
				CLANG_ANALYZER_NUMBER_OBJECT_CONVERSION = YES_AGGRESSIVE;
				CLANG_CXX_LANGUAGE_STANDARD = "gnu++0x";
				CLANG_CXX_LIBRARY = "libc++";
				CLANG_ENABLE_MODULES = YES;
				CLANG_ENABLE_OBJC_ARC = YES;
				CLANG_WARN_BOOL_CONVERSION = YES;
				CLANG_WARN_CONSTANT_CONVERSION = YES;
				CLANG_WARN_DIRECT_OBJC_ISA_USAGE = YES_ERROR;
				CLANG_WARN_DOCUMENTATION_COMMENTS = YES;
				CLANG_WARN_EMPTY_BODY = YES;
				CLANG_WARN_ENUM_CONVERSION = YES;
				CLANG_WARN_INFINITE_RECURSION = YES;
				CLANG_WARN_INT_CONVERSION = YES;
				CLANG_WARN_OBJC_ROOT_CLASS = YES_ERROR;
				CLANG_WARN_SUSPICIOUS_MOVE = YES;
				CLANG_WARN_UNREACHABLE_CODE = YES;
				CLANG_WARN__DUPLICATE_METHOD_MATCH = YES;
				"CODE_SIGN_IDENTITY[sdk=iphoneos*]" = "iPhone Developer";
				COPY_PHASE_STRIP = NO;
				DEBUG_INFORMATION_FORMAT = dwarf;
				ENABLE_STRICT_OBJC_MSGSEND = YES;
				ENABLE_TESTABILITY = YES;
				GCC_C_LANGUAGE_STANDARD = gnu99;
				GCC_DYNAMIC_NO_PIC = NO;
				GCC_NO_COMMON_BLOCKS = YES;
				GCC_OPTIMIZATION_LEVEL = 0;
				GCC_PREPROCESSOR_DEFINITIONS = (
					"DEBUG=1",
					"$(inherited)",
				);
				GCC_WARN_64_TO_32_BIT_CONVERSION = YES;
				GCC_WARN_ABOUT_RETURN_TYPE = YES_ERROR;
				GCC_WARN_UNDECLARED_SELECTOR = YES;
				GCC_WARN_UNINITIALIZED_AUTOS = YES_AGGRESSIVE;
				GCC_WARN_UNUSED_FUNCTION = YES;
				GCC_WARN_UNUSED_VARIABLE = YES;
				IPHONEOS_DEPLOYMENT_TARGET = 10.3;
				MTL_ENABLE_DEBUG_INFO = YES;
				ONLY_ACTIVE_ARCH = YES;
				SDKROOT = iphoneos;
				SWIFT_ACTIVE_COMPILATION_CONDITIONS = DEBUG;
				SWIFT_OPTIMIZATION_LEVEL = "-Onone";
				TARGETED_DEVICE_FAMILY = "1,2";
			};
			name = Debug;
		};
		79C887CF1F046E0500C72B75 /* Release */ = {
			isa = XCBuildConfiguration;
			buildSettings = {
				ALWAYS_SEARCH_USER_PATHS = NO;
				CLANG_ANALYZER_NONNULL = YES;
				CLANG_ANALYZER_NUMBER_OBJECT_CONVERSION = YES_AGGRESSIVE;
				CLANG_CXX_LANGUAGE_STANDARD = "gnu++0x";
				CLANG_CXX_LIBRARY = "libc++";
				CLANG_ENABLE_MODULES = YES;
				CLANG_ENABLE_OBJC_ARC = YES;
				CLANG_WARN_BOOL_CONVERSION = YES;
				CLANG_WARN_CONSTANT_CONVERSION = YES;
				CLANG_WARN_DIRECT_OBJC_ISA_USAGE = YES_ERROR;
				CLANG_WARN_DOCUMENTATION_COMMENTS = YES;
				CLANG_WARN_EMPTY_BODY = YES;
				CLANG_WARN_ENUM_CONVERSION = YES;
				CLANG_WARN_INFINITE_RECURSION = YES;
				CLANG_WARN_INT_CONVERSION = YES;
				CLANG_WARN_OBJC_ROOT_CLASS = YES_ERROR;
				CLANG_WARN_SUSPICIOUS_MOVE = YES;
				CLANG_WARN_UNREACHABLE_CODE = YES;
				CLANG_WARN__DUPLICATE_METHOD_MATCH = YES;
				"CODE_SIGN_IDENTITY[sdk=iphoneos*]" = "iPhone Developer";
				COPY_PHASE_STRIP = NO;
				DEBUG_INFORMATION_FORMAT = "dwarf-with-dsym";
				ENABLE_NS_ASSERTIONS = NO;
				ENABLE_STRICT_OBJC_MSGSEND = YES;
				GCC_C_LANGUAGE_STANDARD = gnu99;
				GCC_NO_COMMON_BLOCKS = YES;
				GCC_WARN_64_TO_32_BIT_CONVERSION = YES;
				GCC_WARN_ABOUT_RETURN_TYPE = YES_ERROR;
				GCC_WARN_UNDECLARED_SELECTOR = YES;
				GCC_WARN_UNINITIALIZED_AUTOS = YES_AGGRESSIVE;
				GCC_WARN_UNUSED_FUNCTION = YES;
				GCC_WARN_UNUSED_VARIABLE = YES;
				IPHONEOS_DEPLOYMENT_TARGET = 10.3;
				MTL_ENABLE_DEBUG_INFO = NO;
				SDKROOT = iphoneos;
				SWIFT_OPTIMIZATION_LEVEL = "-Owholemodule";
				TARGETED_DEVICE_FAMILY = "1,2";
				VALIDATE_PRODUCT = YES;
			};
			name = Release;
		};
		79C887D11F046E0500C72B75 /* Debug */ = {
			isa = XCBuildConfiguration;
			baseConfigurationReference = D164DC1EFFE801B77692C037 /* Pods-Lucy Test.debug.xcconfig */;
			buildSettings = {
				ASSETCATALOG_COMPILER_APPICON_NAME = AppIcon;
				"CODE_SIGN_IDENTITY[sdk=iphoneos*]" = "iPhone Developer";
				DEVELOPMENT_TEAM = USQQZ62WW7;
				INFOPLIST_FILE = "Lucy Test/Info.plist";
				LD_RUNPATH_SEARCH_PATHS = "$(inherited) @executable_path/Frameworks";
				PRODUCT_BUNDLE_IDENTIFIER = "com.joshua.Lucy-Test";
				PRODUCT_NAME = "$(TARGET_NAME)";
				PROVISIONING_PROFILE_SPECIFIER = "";
				SWIFT_VERSION = 3.0;
			};
			name = Debug;
		};
		79C887D21F046E0500C72B75 /* Release */ = {
			isa = XCBuildConfiguration;
			baseConfigurationReference = EA61B8D06A65EC6AA5974E9C /* Pods-Lucy Test.release.xcconfig */;
			buildSettings = {
				ASSETCATALOG_COMPILER_APPICON_NAME = AppIcon;
				"CODE_SIGN_IDENTITY[sdk=iphoneos*]" = "iPhone Developer";
				DEVELOPMENT_TEAM = USQQZ62WW7;
				INFOPLIST_FILE = "Lucy Test/Info.plist";
				LD_RUNPATH_SEARCH_PATHS = "$(inherited) @executable_path/Frameworks";
				PRODUCT_BUNDLE_IDENTIFIER = "com.joshua.Lucy-Test";
				PRODUCT_NAME = "$(TARGET_NAME)";
				PROVISIONING_PROFILE_SPECIFIER = "";
				SWIFT_VERSION = 3.0;
			};
			name = Release;
		};
		79C887D41F046E0500C72B75 /* Debug */ = {
			isa = XCBuildConfiguration;
			baseConfigurationReference = 6035FC26FD33BF87632AEC52 /* Pods-Lucy TestTests.debug.xcconfig */;
			buildSettings = {
				ALWAYS_EMBED_SWIFT_STANDARD_LIBRARIES = YES;
				BUNDLE_LOADER = "$(TEST_HOST)";
				DEVELOPMENT_TEAM = USQQZ62WW7;
				INFOPLIST_FILE = "Lucy TestTests/Info.plist";
				LD_RUNPATH_SEARCH_PATHS = "$(inherited) @executable_path/Frameworks @loader_path/Frameworks";
				PRODUCT_BUNDLE_IDENTIFIER = "com.joshua.Lucy-TestTests";
				PRODUCT_NAME = "$(TARGET_NAME)";
				SWIFT_VERSION = 3.0;
				TEST_HOST = "$(BUILT_PRODUCTS_DIR)/Lucy Test.app/Lucy Test";
			};
			name = Debug;
		};
		79C887D51F046E0500C72B75 /* Release */ = {
			isa = XCBuildConfiguration;
			baseConfigurationReference = 5EA39393A1477F00F4ADBD40 /* Pods-Lucy TestTests.release.xcconfig */;
			buildSettings = {
				ALWAYS_EMBED_SWIFT_STANDARD_LIBRARIES = YES;
				BUNDLE_LOADER = "$(TEST_HOST)";
				DEVELOPMENT_TEAM = USQQZ62WW7;
				INFOPLIST_FILE = "Lucy TestTests/Info.plist";
				LD_RUNPATH_SEARCH_PATHS = "$(inherited) @executable_path/Frameworks @loader_path/Frameworks";
				PRODUCT_BUNDLE_IDENTIFIER = "com.joshua.Lucy-TestTests";
				PRODUCT_NAME = "$(TARGET_NAME)";
				SWIFT_VERSION = 3.0;
				TEST_HOST = "$(BUILT_PRODUCTS_DIR)/Lucy Test.app/Lucy Test";
			};
			name = Release;
		};
		79C887D71F046E0500C72B75 /* Debug */ = {
			isa = XCBuildConfiguration;
			baseConfigurationReference = C87A4CFB35765CD8116BD262 /* Pods-Lucy TestUITests.debug.xcconfig */;
			buildSettings = {
				ALWAYS_EMBED_SWIFT_STANDARD_LIBRARIES = YES;
				DEVELOPMENT_TEAM = USQQZ62WW7;
				INFOPLIST_FILE = "Lucy TestUITests/Info.plist";
				LD_RUNPATH_SEARCH_PATHS = "$(inherited) @executable_path/Frameworks @loader_path/Frameworks";
				PRODUCT_BUNDLE_IDENTIFIER = "com.joshua.Lucy-TestUITests";
				PRODUCT_NAME = "$(TARGET_NAME)";
				SWIFT_VERSION = 3.0;
				TEST_TARGET_NAME = "Lucy Test";
			};
			name = Debug;
		};
		79C887D81F046E0500C72B75 /* Release */ = {
			isa = XCBuildConfiguration;
			baseConfigurationReference = B05A1426F020CE76A99F740F /* Pods-Lucy TestUITests.release.xcconfig */;
			buildSettings = {
				ALWAYS_EMBED_SWIFT_STANDARD_LIBRARIES = YES;
				DEVELOPMENT_TEAM = USQQZ62WW7;
				INFOPLIST_FILE = "Lucy TestUITests/Info.plist";
				LD_RUNPATH_SEARCH_PATHS = "$(inherited) @executable_path/Frameworks @loader_path/Frameworks";
				PRODUCT_BUNDLE_IDENTIFIER = "com.joshua.Lucy-TestUITests";
				PRODUCT_NAME = "$(TARGET_NAME)";
				SWIFT_VERSION = 3.0;
				TEST_TARGET_NAME = "Lucy Test";
			};
			name = Release;
		};
/* End XCBuildConfiguration section */

/* Begin XCConfigurationList section */
		79C887A31F046E0500C72B75 /* Build configuration list for PBXProject "Lucy Test" */ = {
			isa = XCConfigurationList;
			buildConfigurations = (
				79C887CE1F046E0500C72B75 /* Debug */,
				79C887CF1F046E0500C72B75 /* Release */,
			);
			defaultConfigurationIsVisible = 0;
			defaultConfigurationName = Release;
		};
		79C887D01F046E0500C72B75 /* Build configuration list for PBXNativeTarget "Lucy Test" */ = {
			isa = XCConfigurationList;
			buildConfigurations = (
				79C887D11F046E0500C72B75 /* Debug */,
				79C887D21F046E0500C72B75 /* Release */,
			);
			defaultConfigurationIsVisible = 0;
			defaultConfigurationName = Release;
		};
		79C887D31F046E0500C72B75 /* Build configuration list for PBXNativeTarget "Lucy TestTests" */ = {
			isa = XCConfigurationList;
			buildConfigurations = (
				79C887D41F046E0500C72B75 /* Debug */,
				79C887D51F046E0500C72B75 /* Release */,
			);
			defaultConfigurationIsVisible = 0;
			defaultConfigurationName = Release;
		};
		79C887D61F046E0500C72B75 /* Build configuration list for PBXNativeTarget "Lucy TestUITests" */ = {
			isa = XCConfigurationList;
			buildConfigurations = (
				79C887D71F046E0500C72B75 /* Debug */,
				79C887D81F046E0500C72B75 /* Release */,
			);
			defaultConfigurationIsVisible = 0;
			defaultConfigurationName = Release;
		};
/* End XCConfigurationList section */
	};
	rootObject = 79C887A01F046E0500C72B75 /* Project object */;
}
